
Microsoft Visual Studio Solution File, Format Version 12.00
# Visual Studio 15
VisualStudioVersion = 15.0.28307.106
MinimumVisualStudioVersion = 10.0.40219.1
Project("{FAE04EC0-301F-11D3-BF4B-00C04F79EFBC}") = "Project1", "Project1\Project1.csproj", "{5F527353-528C-47FE-AED3-00F0B02489FB}"
EndProject
Global
	GlobalSection(SolutionConfigurationPlatforms) = preSolution
		Debug|Any CPU = Debug|Any CPU
		Release|Any CPU = Release|Any CPU
	EndGlobalSection
	GlobalSection(ProjectConfigurationPlatforms) = postSolution
		{5F527353-528C-47FE-AED3-00F0B02489FB}.Debug|Any CPU.ActiveCfg = Debug|Any CPU
		{5F527353-528C-47FE-AED3-00F0B02489FB}.Debug|Any CPU.Build.0 = Debug|Any CPU
		{5F527353-528C-47FE-AED3-00F0B02489FB}.Release|Any CPU.ActiveCfg = Release|Any CPU
		{5F527353-528C-47FE-AED3-00F0B02489FB}.Release|Any CPU.Build.0 = Release|Any CPU
	EndGlobalSection
	GlobalSection(SolutionProperties) = preSolution
		HideSolutionNode = FALSE
	EndGlobalSection
	GlobalSection(ExtensibilityGlobals) = postSolution
		SolutionGuid = {55E04216-6270-4E74-AD22-A084EE274522}
	EndGlobalSection
EndGlobal
